
Microsoft Visual Studio Solution File, Format Version 12.00
# Visual Studio Version 16
VisualStudioVersion = 16.0.31112.23
MinimumVisualStudioVersion = 10.0.40219.1
Project("{FAE04EC0-301F-11D3-BF4B-00C04F79EFBC}") = "Core", "Core\Core.csproj", "{FB9627AE-7F74-493F-979B-B36D9A0F2821}"
EndProject
Project("{FAE04EC0-301F-11D3-BF4B-00C04F79EFBC}") = "Entities", "Entities\Entities.csproj", "{2E47381F-C34F-4D0C-ADD0-2A7AFFA5BB64}"
EndProject
Project("{FAE04EC0-301F-11D3-BF4B-00C04F79EFBC}") = "DataAccess", "DataAccess\DataAccess.csproj", "{FEF520DB-904B-4550-A279-90B5AB753607}"
EndProject
Project("{FAE04EC0-301F-11D3-BF4B-00C04F79EFBC}") = "Business", "Business\Business.csproj", "{BC2C002F-15AC-4342-930C-57B543D581F4}"
EndProject
Project("{FAE04EC0-301F-11D3-BF4B-00C04F79EFBC}") = "ConsoleUI", "ConsoleUI\ConsoleUI.csproj", "{5B4465F8-F09A-4901-908C-6DEAAE4BAB55}"
EndProject
Project("{FAE04EC0-301F-11D3-BF4B-00C04F79EFBC}") = "WebAPI", "WebAPI\WebAPI.csproj", "{A9C5FFAE-D93D-4AD9-8140-1A150FA9EF3F}"
EndProject
Global
	GlobalSection(SolutionConfigurationPlatforms) = preSolution
		Debug|Any CPU = Debug|Any CPU
		Release|Any CPU = Release|Any CPU
	EndGlobalSection
	GlobalSection(ProjectConfigurationPlatforms) = postSolution
		{FB9627AE-7F74-493F-979B-B36D9A0F2821}.Debug|Any CPU.ActiveCfg = Debug|Any CPU
		{FB9627AE-7F74-493F-979B-B36D9A0F2821}.Debug|Any CPU.Build.0 = Debug|Any CPU
		{FB9627AE-7F74-493F-979B-B36D9A0F2821}.Release|Any CPU.ActiveCfg = Release|Any CPU
		{FB9627AE-7F74-493F-979B-B36D9A0F2821}.Release|Any CPU.Build.0 = Release|Any CPU
		{2E47381F-C34F-4D0C-ADD0-2A7AFFA5BB64}.Debug|Any CPU.ActiveCfg = Debug|Any CPU
		{2E47381F-C34F-4D0C-ADD0-2A7AFFA5BB64}.Debug|Any CPU.Build.0 = Debug|Any CPU
		{2E47381F-C34F-4D0C-ADD0-2A7AFFA5BB64}.Release|Any CPU.ActiveCfg = Release|Any CPU
		{2E47381F-C34F-4D0C-ADD0-2A7AFFA5BB64}.Release|Any CPU.Build.0 = Release|Any CPU
		{FEF520DB-904B-4550-A279-90B5AB753607}.Debug|Any CPU.ActiveCfg = Debug|Any CPU
		{FEF520DB-904B-4550-A279-90B5AB753607}.Debug|Any CPU.Build.0 = Debug|Any CPU
		{FEF520DB-904B-4550-A279-90B5AB753607}.Release|Any CPU.ActiveCfg = Release|Any CPU
		{FEF520DB-904B-4550-A279-90B5AB753607}.Release|Any CPU.Build.0 = Release|Any CPU
		{BC2C002F-15AC-4342-930C-57B543D581F4}.Debug|Any CPU.ActiveCfg = Debug|Any CPU
		{BC2C002F-15AC-4342-930C-57B543D581F4}.Debug|Any CPU.Build.0 = Debug|Any CPU
		{BC2C002F-15AC-4342-930C-57B543D581F4}.Release|Any CPU.ActiveCfg = Release|Any CPU
		{BC2C002F-15AC-4342-930C-57B543D581F4}.Release|Any CPU.Build.0 = Release|Any CPU
		{5B4465F8-F09A-4901-908C-6DEAAE4BAB55}.Debug|Any CPU.ActiveCfg = Debug|Any CPU
		{5B4465F8-F09A-4901-908C-6DEAAE4BAB55}.Debug|Any CPU.Build.0 = Debug|Any CPU
		{5B4465F8-F09A-4901-908C-6DEAAE4BAB55}.Release|Any CPU.ActiveCfg = Release|Any CPU
		{5B4465F8-F09A-4901-908C-6DEAAE4BAB55}.Release|Any CPU.Build.0 = Release|Any CPU
		{A9C5FFAE-D93D-4AD9-8140-1A150FA9EF3F}.Debug|Any CPU.ActiveCfg = Debug|Any CPU
		{A9C5FFAE-D93D-4AD9-8140-1A150FA9EF3F}.Debug|Any CPU.Build.0 = Debug|Any CPU
		{A9C5FFAE-D93D-4AD9-8140-1A150FA9EF3F}.Release|Any CPU.ActiveCfg = Release|Any CPU
		{A9C5FFAE-D93D-4AD9-8140-1A150FA9EF3F}.Release|Any CPU.Build.0 = Release|Any CPU
	EndGlobalSection
	GlobalSection(SolutionProperties) = preSolution
		HideSolutionNode = FALSE
	EndGlobalSection
	GlobalSection(ExtensibilityGlobals) = postSolution
		SolutionGuid = {31F7C21E-79D8-4482-B310-E92F922925FF}
	EndGlobalSection
EndGlobal
